
Microsoft Visual Studio Solution File, Format Version 12.00
# Visual Studio Version 17
VisualStudioVersion = 17.1.32421.90
MinimumVisualStudioVersion = 10.0.40219.1
Project("{54A90642-561A-4BB1-A94E-469ADEE60C69}") = "photoalbum-frontend", "photoalbum-frontend\photoalbum-frontend.esproj", "{860F55F9-AB88-45A7-85FE-B808E40D7E60}"
EndProject
Project("{FAE04EC0-301F-11D3-BF4B-00C04F79EFBC}") = "photoalbum-backend", "photoalbum-backend\photoalbum-backend.csproj", "{D02D2F63-EFB9-4711-9E81-06243EFEC72D}"
EndProject
Global
	GlobalSection(SolutionConfigurationPlatforms) = preSolution
		Debug|Any CPU = Debug|Any CPU
		Release|Any CPU = Release|Any CPU
	EndGlobalSection
	GlobalSection(ProjectConfigurationPlatforms) = postSolution
		{860F55F9-AB88-45A7-85FE-B808E40D7E60}.Debug|Any CPU.ActiveCfg = Debug|Any CPU
		{860F55F9-AB88-45A7-85FE-B808E40D7E60}.Debug|Any CPU.Build.0 = Debug|Any CPU
		{860F55F9-AB88-45A7-85FE-B808E40D7E60}.Debug|Any CPU.Deploy.0 = Debug|Any CPU
		{860F55F9-AB88-45A7-85FE-B808E40D7E60}.Release|Any CPU.ActiveCfg = Release|Any CPU
		{860F55F9-AB88-45A7-85FE-B808E40D7E60}.Release|Any CPU.Build.0 = Release|Any CPU
		{860F55F9-AB88-45A7-85FE-B808E40D7E60}.Release|Any CPU.Deploy.0 = Release|Any CPU
		{D02D2F63-EFB9-4711-9E81-06243EFEC72D}.Debug|Any CPU.ActiveCfg = Debug|Any CPU
		{D02D2F63-EFB9-4711-9E81-06243EFEC72D}.Debug|Any CPU.Build.0 = Debug|Any CPU
		{D02D2F63-EFB9-4711-9E81-06243EFEC72D}.Release|Any CPU.ActiveCfg = Release|Any CPU
		{D02D2F63-EFB9-4711-9E81-06243EFEC72D}.Release|Any CPU.Build.0 = Release|Any CPU
	EndGlobalSection
	GlobalSection(SolutionProperties) = preSolution
		HideSolutionNode = FALSE
	EndGlobalSection
	GlobalSection(ExtensibilityGlobals) = postSolution
		SolutionGuid = {C8828F0E-81FF-4650-81C6-DE7CC1CCF5C0}
	EndGlobalSection
EndGlobal
